
Microsoft Visual Studio Solution File, Format Version 12.00
# Visual Studio Version 17
VisualStudioVersion = 17.1.32319.34
MinimumVisualStudioVersion = 10.0.40219.1
Project("{9A19103F-16F7-4668-BE54-9A1E7A4F7556}") = "ECommerce.Entity", "ECommerce.Entity\ECommerce.Entity.csproj", "{7487B1C5-900C-4826-91E8-8E1167DA8CBD}"
EndProject
Project("{9A19103F-16F7-4668-BE54-9A1E7A4F7556}") = "ECommerce.Repository", "ECommerce.Repository\ECommerce.Repository.csproj", "{0BD1C241-26F6-4D2F-8D17-085B71FD0EE1}"
EndProject
Project("{9A19103F-16F7-4668-BE54-9A1E7A4F7556}") = "ECommerce.Business", "ECommerce.Business\ECommerce.Business.csproj", "{6FCFCAB2-608A-4B55-B0A2-531FDA99D9C8}"
EndProject
Project("{9A19103F-16F7-4668-BE54-9A1E7A4F7556}") = "ECommerce.Api", "ECommerce.Api\ECommerce.Api.csproj", "{C64A8368-EDAB-49A5-A50E-BE9CA066EAEF}"
EndProject
Project("{00D1A9C2-B5F0-4AF3-8072-F6C62B433612}") = "ECommerce.Sql", "ECommerce.Sql\ECommerce.Sql.sqlproj", "{62E3331D-89B3-424A-BA1D-ED8F814907E9}"
EndProject
Project("{E24C65DC-7377-472B-9ABA-BC803B73C61A}") = "ECommerce.AdminWeb", "ECommerce.AdminWeb\", "{9109E51F-7C56-47ED-9FFF-7DF4EF31333F}"
	ProjectSection(WebsiteProperties) = preProject
		TargetFrameworkMoniker = ".NETFramework,Version%3Dv4.8"
		Debug.AspNetCompiler.VirtualPath = "/localhost_64829"
		Debug.AspNetCompiler.PhysicalPath = "ECommerce.AdminWeb\"
		Debug.AspNetCompiler.TargetPath = "PrecompiledWeb\localhost_64829\"
		Debug.AspNetCompiler.Updateable = "true"
		Debug.AspNetCompiler.ForceOverwrite = "true"
		Debug.AspNetCompiler.FixedNames = "false"
		Debug.AspNetCompiler.Debug = "True"
		Release.AspNetCompiler.VirtualPath = "/localhost_64829"
		Release.AspNetCompiler.PhysicalPath = "ECommerce.AdminWeb\"
		Release.AspNetCompiler.TargetPath = "PrecompiledWeb\localhost_64829\"
		Release.AspNetCompiler.Updateable = "true"
		Release.AspNetCompiler.ForceOverwrite = "true"
		Release.AspNetCompiler.FixedNames = "false"
		Release.AspNetCompiler.Debug = "False"
		VWDPort = "64829"
		SlnRelativePath = "ECommerce.AdminWeb\"
	EndProjectSection
EndProject
Project("{E24C65DC-7377-472B-9ABA-BC803B73C61A}") = "ECommerce.Web", "ECommerce.Web\", "{DA97BAB2-626E-4A74-BB05-FE51D2B17157}"
	ProjectSection(WebsiteProperties) = preProject
		TargetFrameworkMoniker = ".NETFramework,Version%3Dv4.8"
		Debug.AspNetCompiler.VirtualPath = "/localhost_64832"
		Debug.AspNetCompiler.PhysicalPath = "ECommerce.Web\"
		Debug.AspNetCompiler.TargetPath = "PrecompiledWeb\localhost_64832\"
		Debug.AspNetCompiler.Updateable = "true"
		Debug.AspNetCompiler.ForceOverwrite = "true"
		Debug.AspNetCompiler.FixedNames = "false"
		Debug.AspNetCompiler.Debug = "True"
		Release.AspNetCompiler.VirtualPath = "/localhost_64832"
		Release.AspNetCompiler.PhysicalPath = "ECommerce.Web\"
		Release.AspNetCompiler.TargetPath = "PrecompiledWeb\localhost_64832\"
		Release.AspNetCompiler.Updateable = "true"
		Release.AspNetCompiler.ForceOverwrite = "true"
		Release.AspNetCompiler.FixedNames = "false"
		Release.AspNetCompiler.Debug = "False"
		VWDPort = "64832"
		SlnRelativePath = "ECommerce.Web\"
	EndProjectSection
EndProject
Global
	GlobalSection(SolutionConfigurationPlatforms) = preSolution
		Debug|Any CPU = Debug|Any CPU
		Release|Any CPU = Release|Any CPU
	EndGlobalSection
	GlobalSection(ProjectConfigurationPlatforms) = postSolution
		{7487B1C5-900C-4826-91E8-8E1167DA8CBD}.Debug|Any CPU.ActiveCfg = Debug|Any CPU
		{7487B1C5-900C-4826-91E8-8E1167DA8CBD}.Debug|Any CPU.Build.0 = Debug|Any CPU
		{7487B1C5-900C-4826-91E8-8E1167DA8CBD}.Release|Any CPU.ActiveCfg = Release|Any CPU
		{7487B1C5-900C-4826-91E8-8E1167DA8CBD}.Release|Any CPU.Build.0 = Release|Any CPU
		{0BD1C241-26F6-4D2F-8D17-085B71FD0EE1}.Debug|Any CPU.ActiveCfg = Debug|Any CPU
		{0BD1C241-26F6-4D2F-8D17-085B71FD0EE1}.Debug|Any CPU.Build.0 = Debug|Any CPU
		{0BD1C241-26F6-4D2F-8D17-085B71FD0EE1}.Release|Any CPU.ActiveCfg = Release|Any CPU
		{0BD1C241-26F6-4D2F-8D17-085B71FD0EE1}.Release|Any CPU.Build.0 = Release|Any CPU
		{6FCFCAB2-608A-4B55-B0A2-531FDA99D9C8}.Debug|Any CPU.ActiveCfg = Debug|Any CPU
		{6FCFCAB2-608A-4B55-B0A2-531FDA99D9C8}.Debug|Any CPU.Build.0 = Debug|Any CPU
		{6FCFCAB2-608A-4B55-B0A2-531FDA99D9C8}.Release|Any CPU.ActiveCfg = Release|Any CPU
		{6FCFCAB2-608A-4B55-B0A2-531FDA99D9C8}.Release|Any CPU.Build.0 = Release|Any CPU
		{C64A8368-EDAB-49A5-A50E-BE9CA066EAEF}.Debug|Any CPU.ActiveCfg = Debug|Any CPU
		{C64A8368-EDAB-49A5-A50E-BE9CA066EAEF}.Debug|Any CPU.Build.0 = Debug|Any CPU
		{C64A8368-EDAB-49A5-A50E-BE9CA066EAEF}.Release|Any CPU.ActiveCfg = Release|Any CPU
		{C64A8368-EDAB-49A5-A50E-BE9CA066EAEF}.Release|Any CPU.Build.0 = Release|Any CPU
		{62E3331D-89B3-424A-BA1D-ED8F814907E9}.Debug|Any CPU.ActiveCfg = Debug|Any CPU
		{62E3331D-89B3-424A-BA1D-ED8F814907E9}.Debug|Any CPU.Build.0 = Debug|Any CPU
		{62E3331D-89B3-424A-BA1D-ED8F814907E9}.Debug|Any CPU.Deploy.0 = Debug|Any CPU
		{62E3331D-89B3-424A-BA1D-ED8F814907E9}.Release|Any CPU.ActiveCfg = Release|Any CPU
		{62E3331D-89B3-424A-BA1D-ED8F814907E9}.Release|Any CPU.Build.0 = Release|Any CPU
		{62E3331D-89B3-424A-BA1D-ED8F814907E9}.Release|Any CPU.Deploy.0 = Release|Any CPU
		{9109E51F-7C56-47ED-9FFF-7DF4EF31333F}.Debug|Any CPU.ActiveCfg = Debug|Any CPU
		{9109E51F-7C56-47ED-9FFF-7DF4EF31333F}.Debug|Any CPU.Build.0 = Debug|Any CPU
		{9109E51F-7C56-47ED-9FFF-7DF4EF31333F}.Release|Any CPU.ActiveCfg = Debug|Any CPU
		{9109E51F-7C56-47ED-9FFF-7DF4EF31333F}.Release|Any CPU.Build.0 = Debug|Any CPU
		{DA97BAB2-626E-4A74-BB05-FE51D2B17157}.Debug|Any CPU.ActiveCfg = Debug|Any CPU
		{DA97BAB2-626E-4A74-BB05-FE51D2B17157}.Debug|Any CPU.Build.0 = Debug|Any CPU
		{DA97BAB2-626E-4A74-BB05-FE51D2B17157}.Release|Any CPU.ActiveCfg = Debug|Any CPU
		{DA97BAB2-626E-4A74-BB05-FE51D2B17157}.Release|Any CPU.Build.0 = Debug|Any CPU
	EndGlobalSection
	GlobalSection(SolutionProperties) = preSolution
		HideSolutionNode = FALSE
	EndGlobalSection
	GlobalSection(ExtensibilityGlobals) = postSolution
		SolutionGuid = {8A5D4ED4-FBDF-427A-86AC-56C542681D38}
	EndGlobalSection
EndGlobal
